
Microsoft Visual Studio Solution File, Format Version 12.00
# Visual Studio Version 16
VisualStudioVersion = 16.0.30804.86
MinimumVisualStudioVersion = 10.0.40219.1
Project("{FAE04EC0-301F-11D3-BF4B-00C04F79EFBC}") = "RentACar", "RentACar\RentACar.csproj", "{CD20EE4F-BACB-4C7D-A6CE-43CE7599DB82}"
EndProject
Global
	GlobalSection(SolutionConfigurationPlatforms) = preSolution
		Debug|Any CPU = Debug|Any CPU
		Release|Any CPU = Release|Any CPU
	EndGlobalSection
	GlobalSection(ProjectConfigurationPlatforms) = postSolution
		{CD20EE4F-BACB-4C7D-A6CE-43CE7599DB82}.Debug|Any CPU.ActiveCfg = Debug|Any CPU
		{CD20EE4F-BACB-4C7D-A6CE-43CE7599DB82}.Debug|Any CPU.Build.0 = Debug|Any CPU
		{CD20EE4F-BACB-4C7D-A6CE-43CE7599DB82}.Release|Any CPU.ActiveCfg = Release|Any CPU
		{CD20EE4F-BACB-4C7D-A6CE-43CE7599DB82}.Release|Any CPU.Build.0 = Release|Any CPU
	EndGlobalSection
	GlobalSection(SolutionProperties) = preSolution
		HideSolutionNode = FALSE
	EndGlobalSection
	GlobalSection(ExtensibilityGlobals) = postSolution
		SolutionGuid = {797A4BBA-9C63-452D-8A2A-8D5DB72C217F}
	EndGlobalSection
EndGlobal
